
Microsoft Visual Studio Solution File, Format Version 12.00
# Visual Studio Version 16
VisualStudioVersion = 16.0.30204.135
MinimumVisualStudioVersion = 10.0.40219.1
Project("{9A19103F-16F7-4668-BE54-9A1E7A4F7556}") = "IMO.BookService.App", "IMO.BookService.App\IMO.BookService.App.csproj", "{29527D4B-F179-45BA-8972-124FA966691A}"
EndProject
Global
	GlobalSection(SolutionConfigurationPlatforms) = preSolution
		Debug|Any CPU = Debug|Any CPU
		Release|Any CPU = Release|Any CPU
	EndGlobalSection
	GlobalSection(ProjectConfigurationPlatforms) = postSolution
		{29527D4B-F179-45BA-8972-124FA966691A}.Debug|Any CPU.ActiveCfg = Debug|Any CPU
		{29527D4B-F179-45BA-8972-124FA966691A}.Debug|Any CPU.Build.0 = Debug|Any CPU
		{29527D4B-F179-45BA-8972-124FA966691A}.Release|Any CPU.ActiveCfg = Release|Any CPU
		{29527D4B-F179-45BA-8972-124FA966691A}.Release|Any CPU.Build.0 = Release|Any CPU
	EndGlobalSection
	GlobalSection(SolutionProperties) = preSolution
		HideSolutionNode = FALSE
	EndGlobalSection
	GlobalSection(ExtensibilityGlobals) = postSolution
		SolutionGuid = {60C203AD-54BF-4260-85C0-AC332D2AB633}
	EndGlobalSection
EndGlobal
